
Microsoft Visual Studio Solution File, Format Version 12.00
# Visual Studio Version 17
VisualStudioVersion = 17.2.32505.173
MinimumVisualStudioVersion = 10.0.40219.1
Project("{FAE04EC0-301F-11D3-BF4B-00C04F79EFBC}") = "Hotel_System", "Hotel_System\Hotel_System.csproj", "{7A10557A-7A07-498D-BB25-18BA1DEBFC42}"
EndProject
Global
	GlobalSection(SolutionConfigurationPlatforms) = preSolution
		Debug|Any CPU = Debug|Any CPU
		Release|Any CPU = Release|Any CPU
	EndGlobalSection
	GlobalSection(ProjectConfigurationPlatforms) = postSolution
		{7A10557A-7A07-498D-BB25-18BA1DEBFC42}.Debug|Any CPU.ActiveCfg = Debug|Any CPU
		{7A10557A-7A07-498D-BB25-18BA1DEBFC42}.Debug|Any CPU.Build.0 = Debug|Any CPU
		{7A10557A-7A07-498D-BB25-18BA1DEBFC42}.Release|Any CPU.ActiveCfg = Release|Any CPU
		{7A10557A-7A07-498D-BB25-18BA1DEBFC42}.Release|Any CPU.Build.0 = Release|Any CPU
	EndGlobalSection
	GlobalSection(SolutionProperties) = preSolution
		HideSolutionNode = FALSE
	EndGlobalSection
	GlobalSection(ExtensibilityGlobals) = postSolution
		SolutionGuid = {D36F9827-FA42-49E2-BD29-C90E8299166A}
	EndGlobalSection
EndGlobal
